// !$*UTF8*$!
{
	archiveVersion = 1;
	classes = {
	};
	objectVersion = 77;
	objects = {

/* Begin PBXContainerItemProxy section */
		C6BB86722DA8EA7900633F04 /* PBXContainerItemProxy */ = {
			isa = PBXContainerItemProxy;
			containerPortal = C6BB86592DA8EA7700633F04 /* Project object */;
			proxyType = 1;
			remoteGlobalIDString = C6BB86602DA8EA7700633F04;
			remoteInfo = Challenge1;
		};
		C6BB867C2DA8EA7900633F04 /* PBXContainerItemProxy */ = {
			isa = PBXContainerItemProxy;
			containerPortal = C6BB86592DA8EA7700633F04 /* Project object */;
			proxyType = 1;
			remoteGlobalIDString = C6BB86602DA8EA7700633F04;
			remoteInfo = Challenge1;
		};
/* End PBXContainerItemProxy section */

/* Begin PBXFileReference section */
		C6BB86612DA8EA7700633F04 /* ADA-Challenge1.app */ = {isa = PBXFileReference; explicitFileType = wrapper.application; includeInIndex = 0; path = "ADA-Challenge1.app"; sourceTree = BUILT_PRODUCTS_DIR; };
		C6BB86712DA8EA7900633F04 /* ADA-Challenge1Tests.xctest */ = {isa = PBXFileReference; explicitFileType = wrapper.cfbundle; includeInIndex = 0; path = "ADA-Challenge1Tests.xctest"; sourceTree = BUILT_PRODUCTS_DIR; };
		C6BB867B2DA8EA7900633F04 /* ADA-Challenge1UITests.xctest */ = {isa = PBXFileReference; explicitFileType = wrapper.cfbundle; includeInIndex = 0; path = "ADA-Challenge1UITests.xctest"; sourceTree = BUILT_PRODUCTS_DIR; };
/* End PBXFileReference section */

/* Begin PBXFileSystemSynchronizedRootGroup section */
		C6BB86632DA8EA7700633F04 /* Challenge1 */ = {
			isa = PBXFileSystemSynchronizedRootGroup;
			path = Challenge1;
			sourceTree = "<group>";
		};
		C6BB86742DA8EA7900633F04 /* Challenge1Tests */ = {
			isa = PBXFileSystemSynchronizedRootGroup;
			path = Challenge1Tests;
			sourceTree = "<group>";
		};
		C6BB867E2DA8EA7900633F04 /* Challenge1UITests */ = {
			isa = PBXFileSystemSynchronizedRootGroup;
			path = Challenge1UITests;
			sourceTree = "<group>";
		};
/* End PBXFileSystemSynchronizedRootGroup section */

/* Begin PBXFrameworksBuildPhase section */
		C6BB865E2DA8EA7700633F04 /* Frameworks */ = {
			isa = PBXFrameworksBuildPhase;
			buildActionMask = 2147483647;
			files = (
			);
			runOnlyForDeploymentPostprocessing = 0;
		};
		C6BB866E2DA8EA7900633F04 /* Frameworks */ = {
			isa = PBXFrameworksBuildPhase;
			buildActionMask = 2147483647;
			files = (
			);
			runOnlyForDeploymentPostprocessing = 0;
		};
		C6BB86782DA8EA7900633F04 /* Frameworks */ = {
			isa = PBXFrameworksBuildPhase;
			buildActionMask = 2147483647;
			files = (
			);
			runOnlyForDeploymentPostprocessing = 0;
		};
/* End PBXFrameworksBuildPhase section */

/* Begin PBXGroup section */
		C6BB86582DA8EA7700633F04 = {
			isa = PBXGroup;
			children = (
				C6BB86632DA8EA7700633F04 /* Challenge1 */,
				C6BB86742DA8EA7900633F04 /* Challenge1Tests */,
				C6BB867E2DA8EA7900633F04 /* Challenge1UITests */,
				C6BB86622DA8EA7700633F04 /* Products */,
			);
			sourceTree = "<group>";
		};
		C6BB86622DA8EA7700633F04 /* Products */ = {
			isa = PBXGroup;
			children = (
				C6BB86612DA8EA7700633F04 /* ADA-Challenge1.app */,
				C6BB86712DA8EA7900633F04 /* ADA-Challenge1Tests.xctest */,
				C6BB867B2DA8EA7900633F04 /* ADA-Challenge1UITests.xctest */,
			);
			name = Products;
			sourceTree = "<group>";
		};
/* End PBXGroup section */

/* Begin PBXNativeTarget section */
		C6BB86602DA8EA7700633F04 /* ADA-Challenge1 */ = {
			isa = PBXNativeTarget;
			buildConfigurationList = C6BB86852DA8EA7900633F04 /* Build configuration list for PBXNativeTarget "ADA-Challenge1" */;
			buildPhases = (
				C6BB865D2DA8EA7700633F04 /* Sources */,
				C6BB865E2DA8EA7700633F04 /* Frameworks */,
				C6BB865F2DA8EA7700633F04 /* Resources */,
			);
			buildRules = (
			);
			dependencies = (
			);
			fileSystemSynchronizedGroups = (
				C6BB86632DA8EA7700633F04 /* Challenge1 */,
			);
			name = "ADA-Challenge1";
			packageProductDependencies = (
			);
			productName = Challenge1;
			productReference = C6BB86612DA8EA7700633F04 /* ADA-Challenge1.app */;
			productType = "com.apple.product-type.application";
		};
		C6BB86702DA8EA7900633F04 /* ADA-Challenge1Tests */ = {
			isa = PBXNativeTarget;
			buildConfigurationList = C6BB86882DA8EA7900633F04 /* Build configuration list for PBXNativeTarget "ADA-Challenge1Tests" */;
			buildPhases = (
				C6BB866D2DA8EA7900633F04 /* Sources */,
				C6BB866E2DA8EA7900633F04 /* Frameworks */,
				C6BB866F2DA8EA7900633F04 /* Resources */,
			);
			buildRules = (
			);
			dependencies = (
				C6BB86732DA8EA7900633F04 /* PBXTargetDependency */,
			);
			fileSystemSynchronizedGroups = (
				C6BB86742DA8EA7900633F04 /* Challenge1Tests */,
			);
			name = "ADA-Challenge1Tests";
			packageProductDependencies = (
			);
			productName = Challenge1Tests;
			productReference = C6BB86712DA8EA7900633F04 /* ADA-Challenge1Tests.xctest */;
			productType = "com.apple.product-type.bundle.unit-test";
		};
		C6BB867A2DA8EA7900633F04 /* ADA-Challenge1UITests */ = {
			isa = PBXNativeTarget;
			buildConfigurationList = C6BB868B2DA8EA7900633F04 /* Build configuration list for PBXNativeTarget "ADA-Challenge1UITests" */;
			buildPhases = (
				C6BB86772DA8EA7900633F04 /* Sources */,
				C6BB86782DA8EA7900633F04 /* Frameworks */,
				C6BB86792DA8EA7900633F04 /* Resources */,
			);
			buildRules = (
			);
			dependencies = (
				C6BB867D2DA8EA7900633F04 /* PBXTargetDependency */,
			);
			fileSystemSynchronizedGroups = (
				C6BB867E2DA8EA7900633F04 /* Challenge1UITests */,
			);
			name = "ADA-Challenge1UITests";
			packageProductDependencies = (
			);
			productName = Challenge1UITests;
			productReference = C6BB867B2DA8EA7900633F04 /* ADA-Challenge1UITests.xctest */;
			productType = "com.apple.product-type.bundle.ui-testing";
		};
/* End PBXNativeTarget section */

/* Begin PBXProject section */
		C6BB86592DA8EA7700633F04 /* Project object */ = {
			isa = PBXProject;
			attributes = {
				BuildIndependentTargetsInParallel = 1;
				LastSwiftUpdateCheck = 1620;
				LastUpgradeCheck = 1620;
				TargetAttributes = {
					C6BB86602DA8EA7700633F04 = {
						CreatedOnToolsVersion = 16.2;
					};
					C6BB86702DA8EA7900633F04 = {
						CreatedOnToolsVersion = 16.2;
						TestTargetID = C6BB86602DA8EA7700633F04;
					};
					C6BB867A2DA8EA7900633F04 = {
						CreatedOnToolsVersion = 16.2;
						TestTargetID = C6BB86602DA8EA7700633F04;
					};
				};
			};
			buildConfigurationList = C6BB865C2DA8EA7700633F04 /* Build configuration list for PBXProject "ADA-Challenge1" */;
			developmentRegion = en;
			hasScannedForEncodings = 0;
			knownRegions = (
				en,
				Base,
			);
			mainGroup = C6BB86582DA8EA7700633F04;
			minimizedProjectReferenceProxies = 1;
			preferredProjectObjectVersion = 77;
			productRefGroup = C6BB86622DA8EA7700633F04 /* Products */;
			projectDirPath = "";
			projectRoot = "";
			targets = (
				C6BB86602DA8EA7700633F04 /* ADA-Challenge1 */,
				C6BB86702DA8EA7900633F04 /* ADA-Challenge1Tests */,
				C6BB867A2DA8EA7900633F04 /* ADA-Challenge1UITests */,
			);
		};
/* End PBXProject section */

/* Begin PBXResourcesBuildPhase section */
		C6BB865F2DA8EA7700633F04 /* Resources */ = {
			isa = PBXResourcesBuildPhase;
			buildActionMask = 2147483647;
			files = (
			);
			runOnlyForDeploymentPostprocessing = 0;
		};
		C6BB866F2DA8EA7900633F04 /* Resources */ = {
			isa = PBXResourcesBuildPhase;
			buildActionMask = 2147483647;
			files = (
			);
			runOnlyForDeploymentPostprocessing = 0;
		};
		C6BB86792DA8EA7900633F04 /* Resources */ = {
			isa = PBXResourcesBuildPhase;
			buildActionMask = 2147483647;
			files = (
			);
			runOnlyForDeploymentPostprocessing = 0;
		};
/* End PBXResourcesBuildPhase section */

/* Begin PBXSourcesBuildPhase section */
		C6BB865D2DA8EA7700633F04 /* Sources */ = {
			isa = PBXSourcesBuildPhase;
			buildActionMask = 2147483647;
			files = (
			);
			runOnlyForDeploymentPostprocessing = 0;
		};
		C6BB866D2DA8EA7900633F04 /* Sources */ = {
			isa = PBXSourcesBuildPhase;
			buildActionMask = 2147483647;
			files = (
			);
			runOnlyForDeploymentPostprocessing = 0;
		};
		C6BB86772DA8EA7900633F04 /* Sources */ = {
			isa = PBXSourcesBuildPhase;
			buildActionMask = 2147483647;
			files = (
			);
			runOnlyForDeploymentPostprocessing = 0;
		};
/* End PBXSourcesBuildPhase section */

/* Begin PBXTargetDependency section */
		C6BB86732DA8EA7900633F04 /* PBXTargetDependency */ = {
			isa = PBXTargetDependency;
			target = C6BB86602DA8EA7700633F04 /* ADA-Challenge1 */;
			targetProxy = C6BB86722DA8EA7900633F04 /* PBXContainerItemProxy */;
		};
		C6BB867D2DA8EA7900633F04 /* PBXTargetDependency */ = {
			isa = PBXTargetDependency;
			target = C6BB86602DA8EA7700633F04 /* ADA-Challenge1 */;
			targetProxy = C6BB867C2DA8EA7900633F04 /* PBXContainerItemProxy */;
		};
/* End PBXTargetDependency section */

/* Begin XCBuildConfiguration section */
		C6BB86832DA8EA7900633F04 /* Debug */ = {
			isa = XCBuildConfiguration;
			buildSettings = {
				ALWAYS_SEARCH_USER_PATHS = NO;
				ASSETCATALOG_COMPILER_GENERATE_SWIFT_ASSET_SYMBOL_EXTENSIONS = YES;
				CLANG_ANALYZER_NONNULL = YES;
				CLANG_ANALYZER_NUMBER_OBJECT_CONVERSION = YES_AGGRESSIVE;
				CLANG_CXX_LANGUAGE_STANDARD = "gnu++20";
				CLANG_ENABLE_MODULES = YES;
				CLANG_ENABLE_OBJC_ARC = YES;
				CLANG_ENABLE_OBJC_WEAK = YES;
				CLANG_WARN_BLOCK_CAPTURE_AUTORELEASING = YES;
				CLANG_WARN_BOOL_CONVERSION = YES;
				CLANG_WARN_COMMA = YES;
				CLANG_WARN_CONSTANT_CONVERSION = YES;
				CLANG_WARN_DEPRECATED_OBJC_IMPLEMENTATIONS = YES;
				CLANG_WARN_DIRECT_OBJC_ISA_USAGE = YES_ERROR;
				CLANG_WARN_DOCUMENTATION_COMMENTS = YES;
				CLANG_WARN_EMPTY_BODY = YES;
				CLANG_WARN_ENUM_CONVERSION = YES;
				CLANG_WARN_INFINITE_RECURSION = YES;
				CLANG_WARN_INT_CONVERSION = YES;
				CLANG_WARN_NON_LITERAL_NULL_CONVERSION = YES;
				CLANG_WARN_OBJC_IMPLICIT_RETAIN_SELF = YES;
				CLANG_WARN_OBJC_LITERAL_CONVERSION = YES;
				CLANG_WARN_OBJC_ROOT_CLASS = YES_ERROR;
				CLANG_WARN_QUOTED_INCLUDE_IN_FRAMEWORK_HEADER = YES;
				CLANG_WARN_RANGE_LOOP_ANALYSIS = YES;
				CLANG_WARN_STRICT_PROTOTYPES = YES;
				CLANG_WARN_SUSPICIOUS_MOVE = YES;
				CLANG_WARN_UNGUARDED_AVAILABILITY = YES_AGGRESSIVE;
				CLANG_WARN_UNREACHABLE_CODE = YES;
				CLANG_WARN__DUPLICATE_METHOD_MATCH = YES;
				COPY_PHASE_STRIP = NO;
				DEBUG_INFORMATION_FORMAT = dwarf;
				ENABLE_STRICT_OBJC_MSGSEND = YES;
				ENABLE_TESTABILITY = YES;
				ENABLE_USER_SCRIPT_SANDBOXING = YES;
				GCC_C_LANGUAGE_STANDARD = gnu17;
				GCC_DYNAMIC_NO_PIC = NO;
				GCC_NO_COMMON_BLOCKS = YES;
				GCC_OPTIMIZATION_LEVEL = 0;
				GCC_PREPROCESSOR_DEFINITIONS = (
					"DEBUG=1",
					"$(inherited)",
				);
				GCC_WARN_64_TO_32_BIT_CONVERSION = YES;
				GCC_WARN_ABOUT_RETURN_TYPE = YES_ERROR;
				GCC_WARN_UNDECLARED_SELECTOR = YES;
				GCC_WARN_UNINITIALIZED_AUTOS = YES_AGGRESSIVE;
				GCC_WARN_UNUSED_FUNCTION = YES;
				GCC_WARN_UNUSED_VARIABLE = YES;
				IPHONEOS_DEPLOYMENT_TARGET = 18.2;
				LOCALIZATION_PREFERS_STRING_CATALOGS = YES;
				MTL_ENABLE_DEBUG_INFO = INCLUDE_SOURCE;
				MTL_FAST_MATH = YES;
				ONLY_ACTIVE_ARCH = YES;
				SDKROOT = iphoneos;
				SWIFT_ACTIVE_COMPILATION_CONDITIONS = "DEBUG $(inherited)";
				SWIFT_OPTIMIZATION_LEVEL = "-Onone";
			};
			name = Debug;
		};
		C6BB86842DA8EA7900633F04 /* Release */ = {
			isa = XCBuildConfiguration;
			buildSettings = {
				ALWAYS_SEARCH_USER_PATHS = NO;
				ASSETCATALOG_COMPILER_GENERATE_SWIFT_ASSET_SYMBOL_EXTENSIONS = YES;
				CLANG_ANALYZER_NONNULL = YES;
				CLANG_ANALYZER_NUMBER_OBJECT_CONVERSION = YES_AGGRESSIVE;
				CLANG_CXX_LANGUAGE_STANDARD = "gnu++20";
				CLANG_ENABLE_MODULES = YES;
				CLANG_ENABLE_OBJC_ARC = YES;
				CLANG_ENABLE_OBJC_WEAK = YES;
				CLANG_WARN_BLOCK_CAPTURE_AUTORELEASING = YES;
				CLANG_WARN_BOOL_CONVERSION = YES;
				CLANG_WARN_COMMA = YES;
				CLANG_WARN_CONSTANT_CONVERSION = YES;
				CLANG_WARN_DEPRECATED_OBJC_IMPLEMENTATIONS = YES;
				CLANG_WARN_DIRECT_OBJC_ISA_USAGE = YES_ERROR;
				CLANG_WARN_DOCUMENTATION_COMMENTS = YES;
				CLANG_WARN_EMPTY_BODY = YES;
				CLANG_WARN_ENUM_CONVERSION = YES;
				CLANG_WARN_INFINITE_RECURSION = YES;
				CLANG_WARN_INT_CONVERSION = YES;
				CLANG_WARN_NON_LITERAL_NULL_CONVERSION = YES;
				CLANG_WARN_OBJC_IMPLICIT_RETAIN_SELF = YES;
				CLANG_WARN_OBJC_LITERAL_CONVERSION = YES;
				CLANG_WARN_OBJC_ROOT_CLASS = YES_ERROR;
				CLANG_WARN_QUOTED_INCLUDE_IN_FRAMEWORK_HEADER = YES;
				CLANG_WARN_RANGE_LOOP_ANALYSIS = YES;
				CLANG_WARN_STRICT_PROTOTYPES = YES;
				CLANG_WARN_SUSPICIOUS_MOVE = YES;
				CLANG_WARN_UNGUARDED_AVAILABILITY = YES_AGGRESSIVE;
				CLANG_WARN_UNREACHABLE_CODE = YES;
				CLANG_WARN__DUPLICATE_METHOD_MATCH = YES;
				COPY_PHASE_STRIP = NO;
				DEBUG_INFORMATION_FORMAT = "dwarf-with-dsym";
				ENABLE_NS_ASSERTIONS = NO;
				ENABLE_STRICT_OBJC_MSGSEND = YES;
				ENABLE_USER_SCRIPT_SANDBOXING = YES;
				GCC_C_LANGUAGE_STANDARD = gnu17;
				GCC_NO_COMMON_BLOCKS = YES;
				GCC_WARN_64_TO_32_BIT_CONVERSION = YES;
				GCC_WARN_ABOUT_RETURN_TYPE = YES_ERROR;
				GCC_WARN_UNDECLARED_SELECTOR = YES;
				GCC_WARN_UNINITIALIZED_AUTOS = YES_AGGRESSIVE;
				GCC_WARN_UNUSED_FUNCTION = YES;
				GCC_WARN_UNUSED_VARIABLE = YES;
				IPHONEOS_DEPLOYMENT_TARGET = 18.2;
				LOCALIZATION_PREFERS_STRING_CATALOGS = YES;
				MTL_ENABLE_DEBUG_INFO = NO;
				MTL_FAST_MATH = YES;
				SDKROOT = iphoneos;
				SWIFT_COMPILATION_MODE = wholemodule;
				VALIDATE_PRODUCT = YES;
			};
			name = Release;
		};
		C6BB86862DA8EA7900633F04 /* Debug */ = {
			isa = XCBuildConfiguration;
			buildSettings = {
				ASSETCATALOG_COMPILER_APPICON_NAME = AppIcon;
				ASSETCATALOG_COMPILER_GLOBAL_ACCENT_COLOR_NAME = AccentColor;
				CODE_SIGN_STYLE = Automatic;
				CURRENT_PROJECT_VERSION = 1;
				DEVELOPMENT_ASSET_PATHS = "\"Challenge1/Preview Content\"";
				DEVELOPMENT_TEAM = 3P5R2AC794;
				ENABLE_PREVIEWS = YES;
				GENERATE_INFOPLIST_FILE = YES;
				INFOPLIST_KEY_UIApplicationSceneManifest_Generation = YES;
				INFOPLIST_KEY_UIApplicationSupportsIndirectInputEvents = YES;
				INFOPLIST_KEY_UILaunchScreen_Generation = YES;
				INFOPLIST_KEY_UISupportedInterfaceOrientations_iPad = "UIInterfaceOrientationPortrait UIInterfaceOrientationPortraitUpsideDown UIInterfaceOrientationLandscapeLeft UIInterfaceOrientationLandscapeRight";
				INFOPLIST_KEY_UISupportedInterfaceOrientations_iPhone = "UIInterfaceOrientationPortrait UIInterfaceOrientationLandscapeLeft UIInterfaceOrientationLandscapeRight";
				LD_RUNPATH_SEARCH_PATHS = (
					"$(inherited)",
					"@executable_path/Frameworks",
				);
				MARKETING_VERSION = 1.0;
				PRODUCT_BUNDLE_IDENTIFIER = ADA.Challenge1;
				PRODUCT_NAME = "$(TARGET_NAME)";
				SWIFT_EMIT_LOC_STRINGS = YES;
				SWIFT_VERSION = 5.0;
				TARGETED_DEVICE_FAMILY = "1,2";
			};
			name = Debug;
		};
		C6BB86872DA8EA7900633F04 /* Release */ = {
			isa = XCBuildConfiguration;
			buildSettings = {
				ASSETCATALOG_COMPILER_APPICON_NAME = AppIcon;
				ASSETCATALOG_COMPILER_GLOBAL_ACCENT_COLOR_NAME = AccentColor;
				CODE_SIGN_STYLE = Automatic;
				CURRENT_PROJECT_VERSION = 1;
				DEVELOPMENT_ASSET_PATHS = "\"Challenge1/Preview Content\"";
				DEVELOPMENT_TEAM = 3P5R2AC794;
				ENABLE_PREVIEWS = YES;
				GENERATE_INFOPLIST_FILE = YES;
				INFOPLIST_KEY_UIApplicationSceneManifest_Generation = YES;
				INFOPLIST_KEY_UIApplicationSupportsIndirectInputEvents = YES;
				INFOPLIST_KEY_UILaunchScreen_Generation = YES;
				INFOPLIST_KEY_UISupportedInterfaceOrientations_iPad = "UIInterfaceOrientationPortrait UIInterfaceOrientationPortraitUpsideDown UIInterfaceOrientationLandscapeLeft UIInterfaceOrientationLandscapeRight";
				INFOPLIST_KEY_UISupportedInterfaceOrientations_iPhone = "UIInterfaceOrientationPortrait UIInterfaceOrientationLandscapeLeft UIInterfaceOrientationLandscapeRight";
				LD_RUNPATH_SEARCH_PATHS = (
					"$(inherited)",
					"@executable_path/Frameworks",
				);
				MARKETING_VERSION = 1.0;
				PRODUCT_BUNDLE_IDENTIFIER = ADA.Challenge1;
				PRODUCT_NAME = "$(TARGET_NAME)";
				SWIFT_EMIT_LOC_STRINGS = YES;
				SWIFT_VERSION = 5.0;
				TARGETED_DEVICE_FAMILY = "1,2";
			};
			name = Release;
		};
		C6BB86892DA8EA7900633F04 /* Debug */ = {
			isa = XCBuildConfiguration;
			buildSettings = {
				BUNDLE_LOADER = "$(TEST_HOST)";
				CODE_SIGN_STYLE = Automatic;
				CURRENT_PROJECT_VERSION = 1;
				DEVELOPMENT_TEAM = 3P5R2AC794;
				GENERATE_INFOPLIST_FILE = YES;
				IPHONEOS_DEPLOYMENT_TARGET = 18.2;
				MARKETING_VERSION = 1.0;
				PRODUCT_BUNDLE_IDENTIFIER = ADA.Challenge1Tests;
				PRODUCT_NAME = "$(TARGET_NAME)";
				SWIFT_EMIT_LOC_STRINGS = NO;
				SWIFT_VERSION = 5.0;
				TARGETED_DEVICE_FAMILY = "1,2";
				TEST_HOST = "$(BUILT_PRODUCTS_DIR)/ADA-Challenge1.app/$(BUNDLE_EXECUTABLE_FOLDER_PATH)/ADA-Challenge1";
			};
			name = Debug;
		};
		C6BB868A2DA8EA7900633F04 /* Release */ = {
			isa = XCBuildConfiguration;
			buildSettings = {
				BUNDLE_LOADER = "$(TEST_HOST)";
				CODE_SIGN_STYLE = Automatic;
				CURRENT_PROJECT_VERSION = 1;
				DEVELOPMENT_TEAM = 3P5R2AC794;
				GENERATE_INFOPLIST_FILE = YES;
				IPHONEOS_DEPLOYMENT_TARGET = 18.2;
				MARKETING_VERSION = 1.0;
				PRODUCT_BUNDLE_IDENTIFIER = ADA.Challenge1Tests;
				PRODUCT_NAME = "$(TARGET_NAME)";
				SWIFT_EMIT_LOC_STRINGS = NO;
				SWIFT_VERSION = 5.0;
				TARGETED_DEVICE_FAMILY = "1,2";
				TEST_HOST = "$(BUILT_PRODUCTS_DIR)/ADA-Challenge1.app/$(BUNDLE_EXECUTABLE_FOLDER_PATH)/ADA-Challenge1";
			};
			name = Release;
		};
		C6BB868C2DA8EA7900633F04 /* Debug */ = {
			isa = XCBuildConfiguration;
			buildSettings = {
				CODE_SIGN_STYLE = Automatic;
				CURRENT_PROJECT_VERSION = 1;
				DEVELOPMENT_TEAM = 3P5R2AC794;
				GENERATE_INFOPLIST_FILE = YES;
				MARKETING_VERSION = 1.0;
				PRODUCT_BUNDLE_IDENTIFIER = ADA.Challenge1UITests;
				PRODUCT_NAME = "$(TARGET_NAME)";
				SWIFT_EMIT_LOC_STRINGS = NO;
				SWIFT_VERSION = 5.0;
				TARGETED_DEVICE_FAMILY = "1,2";
				TEST_TARGET_NAME = Challenge1;
			};
			name = Debug;
		};
		C6BB868D2DA8EA7900633F04 /* Release */ = {
			isa = XCBuildConfiguration;
			buildSettings = {
				CODE_SIGN_STYLE = Automatic;
				CURRENT_PROJECT_VERSION = 1;
				DEVELOPMENT_TEAM = 3P5R2AC794;
				GENERATE_INFOPLIST_FILE = YES;
				MARKETING_VERSION = 1.0;
				PRODUCT_BUNDLE_IDENTIFIER = ADA.Challenge1UITests;
				PRODUCT_NAME = "$(TARGET_NAME)";
				SWIFT_EMIT_LOC_STRINGS = NO;
				SWIFT_VERSION = 5.0;
				TARGETED_DEVICE_FAMILY = "1,2";
				TEST_TARGET_NAME = Challenge1;
			};
			name = Release;
		};
/* End XCBuildConfiguration section */

/* Begin XCConfigurationList section */
		C6BB865C2DA8EA7700633F04 /* Build configuration list for PBXProject "ADA-Challenge1" */ = {
			isa = XCConfigurationList;
			buildConfigurations = (
				C6BB86832DA8EA7900633F04 /* Debug */,
				C6BB86842DA8EA7900633F04 /* Release */,
			);
			defaultConfigurationIsVisible = 0;
			defaultConfigurationName = Release;
		};
		C6BB86852DA8EA7900633F04 /* Build configuration list for PBXNativeTarget "ADA-Challenge1" */ = {
			isa = XCConfigurationList;
			buildConfigurations = (
				C6BB86862DA8EA7900633F04 /* Debug */,
				C6BB86872DA8EA7900633F04 /* Release */,
			);
			defaultConfigurationIsVisible = 0;
			defaultConfigurationName = Release;
		};
		C6BB86882DA8EA7900633F04 /* Build configuration list for PBXNativeTarget "ADA-Challenge1Tests" */ = {
			isa = XCConfigurationList;
			buildConfigurations = (
				C6BB86892DA8EA7900633F04 /* Debug */,
				C6BB868A2DA8EA7900633F04 /* Release */,
			);
			defaultConfigurationIsVisible = 0;
			defaultConfigurationName = Release;
		};
		C6BB868B2DA8EA7900633F04 /* Build configuration list for PBXNativeTarget "ADA-Challenge1UITests" */ = {
			isa = XCConfigurationList;
			buildConfigurations = (
				C6BB868C2DA8EA7900633F04 /* Debug */,
				C6BB868D2DA8EA7900633F04 /* Release */,
			);
			defaultConfigurationIsVisible = 0;
			defaultConfigurationName = Release;
		};
/* End XCConfigurationList section */
	};
	rootObject = C6BB86592DA8EA7700633F04 /* Project object */;
}
